<?xml version="1.0" encoding="utf-8"?>
<Project ToolsVersion="4.0" xmlns="http://schemas.microsoft.com/developer/msbuild/2003">
  <ItemGroup>
    <Filter Include="Source Files">
      <UniqueIdentifier>{4FC737F1-C7A5-4376-A066-2A32D752A2FF}</UniqueIdentifier>
      <Extensions>cpp;c;cc;cxx;def;odl;idl;hpj;bat;asm;asmx</Extensions>
    </Filter>
    <Filter Include="Header Files">
      <UniqueIdentifier>{93995380-89BD-4b04-88EB-625FBE52EBFB}</UniqueIdentifier>
      <Extensions>h;hh;hpp;hxx;hm;inl;inc;xsd</Extensions>
    </Filter>
    <Filter Include="Header Files\BonusObject">
      <UniqueIdentifier>{cb956e2c-cc97-4420-b963-d9f59b65177e}</UniqueIdentifier>
    </Filter>
    <Filter Include="Header Files\Enemy">
      <UniqueIdentifier>{dc4e13d2-8832-4822-a71a-34491b4c6739}</UniqueIdentifier>
    </Filter>
    <Filter Include="Header Files\Effect">
      <UniqueIdentifier>{f5994f59-ae90-4d45-82ae-fe9e3f5e760c}</UniqueIdentifier>
    </Filter>
    <Filter Include="Header Files\Misc">
      <UniqueIdentifier>{985e8fae-59ae-4c75-87bb-49f48190768f}</UniqueIdentifier>
    </Filter>
    <Filter Include="Header Files\Cinematic">
      <UniqueIdentifier>{9d6f5dba-9b4b-4471-a36a-6e7db8beb8d7}</UniqueIdentifier>
    </Filter>
    <Filter Include="Header Files\GameCore">
      <UniqueIdentifier>{993eae7d-a075-40ca-8435-89b9e0c617d6}</UniqueIdentifier>
    </Filter>
    <Filter Include="Header Files\Player">
      <UniqueIdentifier>{3ef390ea-86a1-46b6-9490-73da0da884f2}</UniqueIdentifier>
    </Filter>
    <Filter Include="Source Files\BonusObject">
      <UniqueIdentifier>{6cb0277d-3d9f-4e53-ad82-86f9f58ffe88}</UniqueIdentifier>
    </Filter>
    <Filter Include="Source Files\Enemy">
      <UniqueIdentifier>{7fb9d48c-4015-4f37-9f9d-9d45e039dbff}</UniqueIdentifier>
    </Filter>
    <Filter Include="Source Files\Effect">
      <UniqueIdentifier>{0e2f4397-6442-4cee-b955-9b1da9a29d61}</UniqueIdentifier>
    </Filter>
    <Filter Include="Source Files\Misc">
      <UniqueIdentifier>{e5cde79a-f987-4a9e-8804-bb1e70609358}</UniqueIdentifier>
    </Filter>
    <Filter Include="Source Files\Cinematic">
      <UniqueIdentifier>{19f89f4b-07b0-4dbc-bb2d-c89a7acbfa86}</UniqueIdentifier>
    </Filter>
    <Filter Include="Source Files\GameCore">
      <UniqueIdentifier>{4dd99e66-10e3-47e5-a189-b31b23dfba92}</UniqueIdentifier>
    </Filter>
    <Filter Include="Source Files\Player">
      <UniqueIdentifier>{795694a9-5cc6-4458-b848-fefd136aea14}</UniqueIdentifier>
    </Filter>
  </ItemGroup>
  <ItemGroup>
    <ClInclude Include="DefineNumber.h">
      <Filter>Header Files</Filter>
    </ClInclude>
    <ClInclude Include="Cross.h">
      <Filter>Header Files\BonusObject</Filter>
    </ClInclude>
    <ClInclude Include="CrystalBall.h">
      <Filter>Header Files\BonusObject</Filter>
    </ClInclude>
    <ClInclude Include="Heart.h">
      <Filter>Header Files\BonusObject</Filter>
    </ClInclude>
    <ClInclude Include="HolyWater.h">
      <Filter>Header Files\BonusObject</Filter>
    </ClInclude>
    <ClInclude Include="Whip.h">
      <Filter>Header Files\BonusObject</Filter>
    </ClInclude>
    <ClInclude Include="StopWatch.h">
      <Filter>Header Files\BonusObject</Filter>
    </ClInclude>
    <ClInclude Include="PotRoast.h">
      <Filter>Header Files\BonusObject</Filter>
    </ClInclude>
    <ClInclude Include="InvisibilityPotion.h">
      <Filter>Header Files\BonusObject</Filter>
    </ClInclude>
    <ClInclude Include="DoubleShot.h">
      <Filter>Header Files\BonusObject</Filter>
    </ClInclude>
    <ClInclude Include="MoneyBag.h">
      <Filter>Header Files\BonusObject</Filter>
    </ClInclude>
    <ClInclude Include="Dagger.h">
      <Filter>Header Files\BonusObject</Filter>
    </ClInclude>
    <ClInclude Include="BatRed.h">
      <Filter>Header Files\Enemy</Filter>
    </ClInclude>
    <ClInclude Include="BossBat.h">
      <Filter>Header Files\Enemy</Filter>
    </ClInclude>
    <ClInclude Include="FishBullet.h">
      <Filter>Header Files\Enemy</Filter>
    </ClInclude>
    <ClInclude Include="Fishmen.h">
      <Filter>Header Files\Enemy</Filter>
    </ClInclude>
    <ClInclude Include="Ghoul.h">
      <Filter>Header Files\Enemy</Filter>
    </ClInclude>
    <ClInclude Include="Panther.h">
      <Filter>Header Files\Enemy</Filter>
    </ClInclude>
    <ClInclude Include="BrickDestroyEffect.h">
      <Filter>Header Files\Effect</Filter>
    </ClInclude>
    <ClInclude Include="HitEffect.h">
      <Filter>Header Files\Effect</Filter>
    </ClInclude>
    <ClInclude Include="WaterBlast.h">
      <Filter>Header Files\Effect</Filter>
    </ClInclude>
    <ClInclude Include="BrickDestroyable.h">
      <Filter>Header Files\Misc</Filter>
    </ClInclude>
    <ClInclude Include="Brick.h">
      <Filter>Header Files\Misc</Filter>
    </ClInclude>
    <ClInclude Include="CheckPoint.h">
      <Filter>Header Files\Misc</Filter>
    </ClInclude>
    <ClInclude Include="BrickStair.h">
      <Filter>Header Files\Misc</Filter>
    </ClInclude>
    <ClInclude Include="BrickUnderground.h">
      <Filter>Header Files\Misc</Filter>
    </ClInclude>
    <ClInclude Include="BrickWater.h">
      <Filter>Header Files\Misc</Filter>
    </ClInclude>
    <ClInclude Include="HolyFire.h">
      <Filter>Header Files\Misc</Filter>
    </ClInclude>
    <ClInclude Include="WaterUnderground.h">
      <Filter>Header Files\Misc</Filter>
    </ClInclude>
    <ClInclude Include="ThrowingAxe.h">
      <Filter>Header Files\BonusObject</Filter>
    </ClInclude>
    <ClInclude Include="Candle.h">
      <Filter>Header Files\Misc</Filter>
    </ClInclude>
    <ClInclude Include="Door.h">
      <Filter>Header Files\Misc</Filter>
    </ClInclude>
    <ClInclude Include="BatBlue.h">
      <Filter>Header Files\Cinematic</Filter>
    </ClInclude>
    <ClInclude Include="CastleCinematic.h">
      <Filter>Header Files\Cinematic</Filter>
    </ClInclude>
    <ClInclude Include="Cloud.h">
      <Filter>Header Files\Cinematic</Filter>
    </ClInclude>
    <ClInclude Include="Intro.h">
      <Filter>Header Files\Cinematic</Filter>
    </ClInclude>
    <ClInclude Include="StartButton.h">
      <Filter>Header Files\Cinematic</Filter>
    </ClInclude>
    <ClInclude Include="StartScreen.h">
      <Filter>Header Files\Cinematic</Filter>
    </ClInclude>
    <ClInclude Include="Camera.h">
      <Filter>Header Files\GameCore</Filter>
    </ClInclude>
    <ClInclude Include="debug.h">
      <Filter>Header Files\GameCore</Filter>
    </ClInclude>
    <ClInclude Include="Game.h">
      <Filter>Header Files\GameCore</Filter>
    </ClInclude>
    <ClInclude Include="GameObject.h">
      <Filter>Header Files\GameCore</Filter>
    </ClInclude>
    <ClInclude Include="Sprites.h">
      <Filter>Header Files\GameCore</Filter>
    </ClInclude>
    <ClInclude Include="Textures.h">
      <Filter>Header Files\GameCore</Filter>
    </ClInclude>
    <ClInclude Include="TileMaps.h">
      <Filter>Header Files\GameCore</Filter>
    </ClInclude>
    <ClInclude Include="Screen.h">
      <Filter>Header Files\Player</Filter>
    </ClInclude>
    <ClInclude Include="Simon.h">
      <Filter>Header Files\Player</Filter>
    </ClInclude>
    <ClInclude Include="SubWeapon.h">
      <Filter>Header Files\Player</Filter>
    </ClInclude>
    <ClInclude Include="Weapon.h">
      <Filter>Header Files\Player</Filter>
    </ClInclude>
    <ClInclude Include="Boomearang.h">
      <Filter>Header Files</Filter>
    </ClInclude>
  </ItemGroup>
  <ItemGroup>
    <ClCompile Include="Cross.cpp">
      <Filter>Source Files\BonusObject</Filter>
    </ClCompile>
    <ClCompile Include="CrystalBall.cpp">
      <Filter>Source Files\BonusObject</Filter>
    </ClCompile>
    <ClCompile Include="Dagger.cpp">
      <Filter>Source Files\BonusObject</Filter>
    </ClCompile>
    <ClCompile Include="DoubleShot.cpp">
      <Filter>Source Files\BonusObject</Filter>
    </ClCompile>
    <ClCompile Include="Heart.cpp">
      <Filter>Source Files\BonusObject</Filter>
    </ClCompile>
    <ClCompile Include="HolyWater.cpp">
      <Filter>Source Files\BonusObject</Filter>
    </ClCompile>
    <ClCompile Include="InvisibilityPotion.cpp">
      <Filter>Source Files\BonusObject</Filter>
    </ClCompile>
    <ClCompile Include="MoneyBag.cpp">
      <Filter>Source Files\BonusObject</Filter>
    </ClCompile>
    <ClCompile Include="PotRoast.cpp">
      <Filter>Source Files\BonusObject</Filter>
    </ClCompile>
    <ClCompile Include="StopWatch.cpp">
      <Filter>Source Files\BonusObject</Filter>
    </ClCompile>
    <ClCompile Include="ThrowingAxe.cpp">
      <Filter>Source Files\BonusObject</Filter>
    </ClCompile>
    <ClCompile Include="Whip.cpp">
      <Filter>Source Files\BonusObject</Filter>
    </ClCompile>
    <ClCompile Include="BatRed.cpp">
      <Filter>Source Files\Enemy</Filter>
    </ClCompile>
    <ClCompile Include="BossBat.cpp">
      <Filter>Source Files\Enemy</Filter>
    </ClCompile>
    <ClCompile Include="Fishmen.cpp">
      <Filter>Source Files\Enemy</Filter>
    </ClCompile>
    <ClCompile Include="FishBullet.cpp">
      <Filter>Source Files\Enemy</Filter>
    </ClCompile>
    <ClCompile Include="Ghoul.cpp">
      <Filter>Source Files\Enemy</Filter>
    </ClCompile>
    <ClCompile Include="Panther.cpp">
      <Filter>Source Files\Enemy</Filter>
    </ClCompile>
    <ClCompile Include="BrickDestroyEffect.cpp">
      <Filter>Source Files\Effect</Filter>
    </ClCompile>
    <ClCompile Include="HitEffect.cpp">
      <Filter>Source Files\Effect</Filter>
    </ClCompile>
    <ClCompile Include="WaterBlast.cpp">
      <Filter>Source Files\Effect</Filter>
    </ClCompile>
    <ClCompile Include="Brick.cpp">
      <Filter>Source Files\Misc</Filter>
    </ClCompile>
    <ClCompile Include="BrickDestroyable.cpp">
      <Filter>Source Files\Misc</Filter>
    </ClCompile>
    <ClCompile Include="BrickStair.cpp">
      <Filter>Source Files\Misc</Filter>
    </ClCompile>
    <ClCompile Include="BrickUnderground.cpp">
      <Filter>Source Files\Misc</Filter>
    </ClCompile>
    <ClCompile Include="BrickWater.cpp">
      <Filter>Source Files\Misc</Filter>
    </ClCompile>
    <ClCompile Include="Candle.cpp">
      <Filter>Source Files\Misc</Filter>
    </ClCompile>
    <ClCompile Include="CheckPoint.cpp">
      <Filter>Source Files\Misc</Filter>
    </ClCompile>
    <ClCompile Include="Door.cpp">
      <Filter>Source Files\Misc</Filter>
    </ClCompile>
    <ClCompile Include="HolyFire.cpp">
      <Filter>Source Files\Misc</Filter>
    </ClCompile>
    <ClCompile Include="WaterUnderground.cpp">
      <Filter>Source Files\Misc</Filter>
    </ClCompile>
    <ClCompile Include="BatBlue.cpp">
      <Filter>Source Files\Cinematic</Filter>
    </ClCompile>
    <ClCompile Include="CastleCinematic.cpp">
      <Filter>Source Files\Cinematic</Filter>
    </ClCompile>
    <ClCompile Include="Cloud.cpp">
      <Filter>Source Files\Cinematic</Filter>
    </ClCompile>
    <ClCompile Include="Intro.cpp">
      <Filter>Source Files\Cinematic</Filter>
    </ClCompile>
    <ClCompile Include="StartButton.cpp">
      <Filter>Source Files\Cinematic</Filter>
    </ClCompile>
    <ClCompile Include="StartScreen.cpp">
      <Filter>Source Files\Cinematic</Filter>
    </ClCompile>
    <ClCompile Include="Camera.cpp">
      <Filter>Source Files\GameCore</Filter>
    </ClCompile>
    <ClCompile Include="debug.cpp">
      <Filter>Source Files\GameCore</Filter>
    </ClCompile>
    <ClCompile Include="Game.cpp">
      <Filter>Source Files\GameCore</Filter>
    </ClCompile>
    <ClCompile Include="GameObject.cpp">
      <Filter>Source Files\GameCore</Filter>
    </ClCompile>
    <ClCompile Include="Textures.cpp">
      <Filter>Source Files\GameCore</Filter>
    </ClCompile>
    <ClCompile Include="TileMaps.cpp">
      <Filter>Source Files\GameCore</Filter>
    </ClCompile>
    <ClCompile Include="main.cpp">
      <Filter>Source Files</Filter>
    </ClCompile>
    <ClCompile Include="Simon.cpp">
      <Filter>Source Files\Player</Filter>
    </ClCompile>
    <ClCompile Include="Sprites.cpp">
      <Filter>Source Files\GameCore</Filter>
    </ClCompile>
    <ClCompile Include="Screen.cpp">
      <Filter>Source Files\Player</Filter>
    </ClCompile>
    <ClCompile Include="SubWeapon.cpp">
      <Filter>Source Files\Player</Filter>
    </ClCompile>
    <ClCompile Include="Weapon.cpp">
      <Filter>Source Files\Player</Filter>
    </ClCompile>
    <ClCompile Include="Boomearang.cpp">
      <Filter>Source Files</Filter>
    </ClCompile>
  </ItemGroup>
</Project>